
Microsoft Visual Studio Solution File, Format Version 12.00
# Visual Studio 2017
Project("{FAE04EC0-301F-11D3-BF4B-00C04F79EFBC}") = "Meteor.Plugins", "Meteor.Plugins.csproj", "{59178538-1AA2-05F5-B771-C8D04F35EB50}"
EndProject
Project("{FAE04EC0-301F-11D3-BF4B-00C04F79EFBC}") = "Meteor", "Meteor.csproj", "{B76298D7-2AA2-B478-580F-8653AAFF7D74}"
EndProject
Project("{FAE04EC0-301F-11D3-BF4B-00C04F79EFBC}") = "Meteor.Editor.Plugins", "Meteor.Editor.Plugins.csproj", "{7DD5A009-E2D4-D49E-DC0F-E046BDBF799F}"
EndProject
Global
	GlobalSection(SolutionConfigurationPlatforms) = preSolution
		Debug|Any CPU = Debug|Any CPU
		Release|Any CPU = Release|Any CPU
	EndGlobalSection
	GlobalSection(ProjectConfigurationPlatforms) = postSolution
		{59178538-1AA2-05F5-B771-C8D04F35EB50}.Debug|Any CPU.ActiveCfg = Debug|Any CPU
		{59178538-1AA2-05F5-B771-C8D04F35EB50}.Debug|Any CPU.Build.0 = Debug|Any CPU
		{59178538-1AA2-05F5-B771-C8D04F35EB50}.Release|Any CPU.ActiveCfg = Release|Any CPU
		{59178538-1AA2-05F5-B771-C8D04F35EB50}.Release|Any CPU.Build.0 = Release|Any CPU
		{B76298D7-2AA2-B478-580F-8653AAFF7D74}.Debug|Any CPU.ActiveCfg = Debug|Any CPU
		{B76298D7-2AA2-B478-580F-8653AAFF7D74}.Debug|Any CPU.Build.0 = Debug|Any CPU
		{B76298D7-2AA2-B478-580F-8653AAFF7D74}.Release|Any CPU.ActiveCfg = Release|Any CPU
		{B76298D7-2AA2-B478-580F-8653AAFF7D74}.Release|Any CPU.Build.0 = Release|Any CPU
		{7DD5A009-E2D4-D49E-DC0F-E046BDBF799F}.Debug|Any CPU.ActiveCfg = Debug|Any CPU
		{7DD5A009-E2D4-D49E-DC0F-E046BDBF799F}.Debug|Any CPU.Build.0 = Debug|Any CPU
		{7DD5A009-E2D4-D49E-DC0F-E046BDBF799F}.Release|Any CPU.ActiveCfg = Release|Any CPU
		{7DD5A009-E2D4-D49E-DC0F-E046BDBF799F}.Release|Any CPU.Build.0 = Release|Any CPU
	EndGlobalSection
	GlobalSection(SolutionProperties) = preSolution
		HideSolutionNode = FALSE
	EndGlobalSection
EndGlobal
